
Microsoft Visual Studio Solution File, Format Version 12.00
# Visual Studio 14
VisualStudioVersion = 14.0.25420.1
MinimumVisualStudioVersion = 10.0.40219.1
Project("{2150E333-8FDC-42A3-9474-1A3956D46DE8}") = "Solution Items", "Solution Items", "{05F0AC0D-AD43-45B4-8A98-00C54CF5280D}"
	ProjectSection(SolutionItems) = preProject
		Irony_All.2010.vsmdi = Irony_All.2010.vsmdi
		License.txt = License.txt
		ReadMe.txt = ReadMe.txt
	EndProjectSection
EndProject
Project("{FAE04EC0-301F-11D3-BF4B-00C04F79EFBC}") = "010.Irony.2012", "Irony\010.Irony.2012.csproj", "{D81F5C91-D7DB-46E5-BC99-49488FB6814C}"
EndProject
Project("{FAE04EC0-301F-11D3-BF4B-00C04F79EFBC}") = "020.Irony.Samples.2012", "Irony.Samples\020.Irony.Samples.2012.csproj", "{AD263C0B-99D3-40A9-9DBF-9086CC524A0B}"
EndProject
Project("{FAE04EC0-301F-11D3-BF4B-00C04F79EFBC}") = "030.Irony.GrammarExplorer.2012", "Irony.GrammarExplorer\030.Irony.GrammarExplorer.2012.csproj", "{AE1C04A8-B03D-4144-98E9-BF66C50265E7}"
	ProjectSection(ProjectDependencies) = postProject
		{AD263C0B-99D3-40A9-9DBF-9086CC524A0B} = {AD263C0B-99D3-40A9-9DBF-9086CC524A0B}
	EndProjectSection
EndProject
Project("{FAE04EC0-301F-11D3-BF4B-00C04F79EFBC}") = "040.Irony.Tests.VsTest.2012", "Irony.Tests\040.Irony.Tests.VsTest.2012.csproj", "{0CFA8CEE-0110-49C1-93E5-CB7BE3A5716B}"
EndProject
Project("{FAE04EC0-301F-11D3-BF4B-00C04F79EFBC}") = "025.Irony.Samples.Console.2012", "Irony.Samples.Console\025.Irony.Samples.Console.2012.csproj", "{5A31B964-CDFA-4406-9316-32A0F04CE149}"
EndProject
Project("{FAE04EC0-301F-11D3-BF4B-00C04F79EFBC}") = "050.Irony.Tests.NUnit.2012", "Irony.Tests\050.Irony.Tests.NUnit.2012.csproj", "{1A98BEDA-DF53-49B7-A366-2ED7606036BD}"
EndProject
Project("{2150E333-8FDC-42A3-9474-1A3956D46DE8}") = "Languages", "Languages", "{0850FA53-413E-4AF9-B918-8FF524FFA5D7}"
EndProject
Project("{2150E333-8FDC-42A3-9474-1A3956D46DE8}") = "Refal", "Refal", "{FEE137AB-6C8B-4576-81BE-119DA16DCF78}"
EndProject
Project("{FAE04EC0-301F-11D3-BF4B-00C04F79EFBC}") = "Refal.2012", "Languages\Refal\Refal.2012.csproj", "{19A86418-BA99-41F4-80A5-A7F3A6383123}"
EndProject
Project("{FAE04EC0-301F-11D3-BF4B-00C04F79EFBC}") = "Refal.UnitTests.VsTest.2012", "Languages\Refal\UnitTests\Refal.UnitTests.VsTest.2012.csproj", "{94409071-FF65-4C3C-97EB-BD4FDEF90B4E}"
EndProject
Project("{FAE04EC0-301F-11D3-BF4B-00C04F79EFBC}") = "Refal.UnitTests.NUnit.2012", "Languages\Refal\UnitTests\Refal.UnitTests.NUnit.2012.csproj", "{A34F4AE5-A6E5-43F9-9F16-A43F34599053}"
EndProject
Project("{2150E333-8FDC-42A3-9474-1A3956D46DE8}") = "Samples", "Samples", "{44A73DB9-DD6C-4BFD-A169-F17A8C82A4A3}"
	ProjectSection(SolutionItems) = preProject
		Languages\Refal\UnitTests\Sources\99-bottles-v1.ref = Languages\Refal\UnitTests\Sources\99-bottles-v1.ref
		Languages\Refal\UnitTests\Sources\99-bottles-v2.ref = Languages\Refal\UnitTests\Sources\99-bottles-v2.ref
		Languages\Refal\UnitTests\Sources\arith.ref = Languages\Refal\UnitTests\Sources\arith.ref
		Languages\Refal\UnitTests\Sources\binary.ref = Languages\Refal\UnitTests\Sources\binary.ref
		Languages\Refal\UnitTests\Sources\brainfuck.ref = Languages\Refal\UnitTests\Sources\brainfuck.ref
		Languages\Refal\UnitTests\Sources\change-v1.ref = Languages\Refal\UnitTests\Sources\change-v1.ref
		Languages\Refal\UnitTests\Sources\change-v2.ref = Languages\Refal\UnitTests\Sources\change-v2.ref
		Languages\Refal\UnitTests\Sources\factorial.ref = Languages\Refal\UnitTests\Sources\factorial.ref
		Languages\Refal\UnitTests\Sources\hello.ref = Languages\Refal\UnitTests\Sources\hello.ref
		Languages\Refal\UnitTests\Sources\italian.ref = Languages\Refal\UnitTests\Sources\italian.ref
		Languages\Refal\UnitTests\Sources\order-v1.ref = Languages\Refal\UnitTests\Sources\order-v1.ref
		Languages\Refal\UnitTests\Sources\order-v2.ref = Languages\Refal\UnitTests\Sources\order-v2.ref
		Languages\Refal\UnitTests\Sources\palyndrome.ref = Languages\Refal\UnitTests\Sources\palyndrome.ref
		Languages\Refal\UnitTests\Sources\pretty.ref = Languages\Refal\UnitTests\Sources\pretty.ref
		Languages\Refal\UnitTests\Sources\quine-plain.ref = Languages\Refal\UnitTests\Sources\quine-plain.ref
		Languages\Refal\UnitTests\Sources\quine-simple.ref = Languages\Refal\UnitTests\Sources\quine-simple.ref
		Languages\Refal\UnitTests\Sources\quine-xplained.ref = Languages\Refal\UnitTests\Sources\quine-xplained.ref
		Languages\Refal\UnitTests\Sources\xtras-bigint.ref = Languages\Refal\UnitTests\Sources\xtras-bigint.ref
		Languages\Refal\UnitTests\Sources\xtras-factorial.ref = Languages\Refal\UnitTests\Sources\xtras-factorial.ref
	EndProjectSection
EndProject
Project("{FAE04EC0-301F-11D3-BF4B-00C04F79EFBC}") = "015.Irony.Interpreter.2012", "Irony.Interpreter\015.Irony.Interpreter.2012.csproj", "{321A7F5D-00C2-4095-9970-075CDEE8C139}"
EndProject
Project("{FAE04EC0-301F-11D3-BF4B-00C04F79EFBC}") = "000.Irony.Portable", "Irony.Portable\000.Irony.Portable.csproj", "{8F79C3CF-A4C7-4EF6-8363-07BB30F5AFC1}"
EndProject
Project("{FAE04EC0-301F-11D3-BF4B-00C04F79EFBC}") = "001.Irony.Portable.Console", "Irony.Portable.Console\001.Irony.Portable.Console.csproj", "{F410D31D-724C-4DD7-9D8A-422C9E36F2A2}"
EndProject
Project("{FAE04EC0-301F-11D3-BF4B-00C04F79EFBC}") = "002.Irony.Portable.Samples", "002.Irony.Portable.Samples\002.Irony.Portable.Samples.csproj", "{FDBE6BE7-47B1-4C98-8092-978854414914}"
EndProject
Global
	GlobalSection(SolutionConfigurationPlatforms) = preSolution
		Debug|Any CPU = Debug|Any CPU
		Debug|x86 = Debug|x86
		FxCop|Any CPU = FxCop|Any CPU
		FxCop|x86 = FxCop|x86
		Release|Any CPU = Release|Any CPU
		Release|x86 = Release|x86
		Silverlight Debug|Any CPU = Silverlight Debug|Any CPU
		Silverlight Debug|x86 = Silverlight Debug|x86
		Silverlight Release|Any CPU = Silverlight Release|Any CPU
		Silverlight Release|x86 = Silverlight Release|x86
		SpecSharp|Any CPU = SpecSharp|Any CPU
		SpecSharp|x86 = SpecSharp|x86
	EndGlobalSection
	GlobalSection(ProjectConfigurationPlatforms) = postSolution
		{D81F5C91-D7DB-46E5-BC99-49488FB6814C}.Debug|Any CPU.ActiveCfg = Debug|Any CPU
		{D81F5C91-D7DB-46E5-BC99-49488FB6814C}.Debug|Any CPU.Build.0 = Debug|Any CPU
		{D81F5C91-D7DB-46E5-BC99-49488FB6814C}.Debug|x86.ActiveCfg = Debug|x86
		{D81F5C91-D7DB-46E5-BC99-49488FB6814C}.Debug|x86.Build.0 = Debug|x86
		{D81F5C91-D7DB-46E5-BC99-49488FB6814C}.FxCop|Any CPU.ActiveCfg = Release|Any CPU
		{D81F5C91-D7DB-46E5-BC99-49488FB6814C}.FxCop|Any CPU.Build.0 = Release|Any CPU
		{D81F5C91-D7DB-46E5-BC99-49488FB6814C}.FxCop|x86.ActiveCfg = Release|x86
		{D81F5C91-D7DB-46E5-BC99-49488FB6814C}.FxCop|x86.Build.0 = Release|x86
		{D81F5C91-D7DB-46E5-BC99-49488FB6814C}.Release|Any CPU.ActiveCfg = Release|Any CPU
		{D81F5C91-D7DB-46E5-BC99-49488FB6814C}.Release|Any CPU.Build.0 = Release|Any CPU
		{D81F5C91-D7DB-46E5-BC99-49488FB6814C}.Release|x86.ActiveCfg = Release|x86
		{D81F5C91-D7DB-46E5-BC99-49488FB6814C}.Release|x86.Build.0 = Release|x86
		{D81F5C91-D7DB-46E5-BC99-49488FB6814C}.Silverlight Debug|Any CPU.ActiveCfg = Debug|Any CPU
		{D81F5C91-D7DB-46E5-BC99-49488FB6814C}.Silverlight Debug|Any CPU.Build.0 = Debug|Any CPU
		{D81F5C91-D7DB-46E5-BC99-49488FB6814C}.Silverlight Debug|x86.ActiveCfg = Debug|x86
		{D81F5C91-D7DB-46E5-BC99-49488FB6814C}.Silverlight Debug|x86.Build.0 = Debug|x86
		{D81F5C91-D7DB-46E5-BC99-49488FB6814C}.Silverlight Release|Any CPU.ActiveCfg = Release|Any CPU
		{D81F5C91-D7DB-46E5-BC99-49488FB6814C}.Silverlight Release|Any CPU.Build.0 = Release|Any CPU
		{D81F5C91-D7DB-46E5-BC99-49488FB6814C}.Silverlight Release|x86.ActiveCfg = Release|x86
		{D81F5C91-D7DB-46E5-BC99-49488FB6814C}.Silverlight Release|x86.Build.0 = Release|x86
		{D81F5C91-D7DB-46E5-BC99-49488FB6814C}.SpecSharp|Any CPU.ActiveCfg = Release|Any CPU
		{D81F5C91-D7DB-46E5-BC99-49488FB6814C}.SpecSharp|Any CPU.Build.0 = Release|Any CPU
		{D81F5C91-D7DB-46E5-BC99-49488FB6814C}.SpecSharp|x86.ActiveCfg = Release|x86
		{D81F5C91-D7DB-46E5-BC99-49488FB6814C}.SpecSharp|x86.Build.0 = Release|x86
		{AD263C0B-99D3-40A9-9DBF-9086CC524A0B}.Debug|Any CPU.ActiveCfg = Debug|Any CPU
		{AD263C0B-99D3-40A9-9DBF-9086CC524A0B}.Debug|Any CPU.Build.0 = Debug|Any CPU
		{AD263C0B-99D3-40A9-9DBF-9086CC524A0B}.Debug|x86.ActiveCfg = Debug|x86
		{AD263C0B-99D3-40A9-9DBF-9086CC524A0B}.Debug|x86.Build.0 = Debug|x86
		{AD263C0B-99D3-40A9-9DBF-9086CC524A0B}.FxCop|Any CPU.ActiveCfg = Release|Any CPU
		{AD263C0B-99D3-40A9-9DBF-9086CC524A0B}.FxCop|Any CPU.Build.0 = Release|Any CPU
		{AD263C0B-99D3-40A9-9DBF-9086CC524A0B}.FxCop|x86.ActiveCfg = Release|x86
		{AD263C0B-99D3-40A9-9DBF-9086CC524A0B}.FxCop|x86.Build.0 = Release|x86
		{AD263C0B-99D3-40A9-9DBF-9086CC524A0B}.Release|Any CPU.ActiveCfg = Release|Any CPU
		{AD263C0B-99D3-40A9-9DBF-9086CC524A0B}.Release|Any CPU.Build.0 = Release|Any CPU
		{AD263C0B-99D3-40A9-9DBF-9086CC524A0B}.Release|x86.ActiveCfg = Release|x86
		{AD263C0B-99D3-40A9-9DBF-9086CC524A0B}.Release|x86.Build.0 = Release|x86
		{AD263C0B-99D3-40A9-9DBF-9086CC524A0B}.Silverlight Debug|Any CPU.ActiveCfg = Debug|Any CPU
		{AD263C0B-99D3-40A9-9DBF-9086CC524A0B}.Silverlight Debug|Any CPU.Build.0 = Debug|Any CPU
		{AD263C0B-99D3-40A9-9DBF-9086CC524A0B}.Silverlight Debug|x86.ActiveCfg = Debug|x86
		{AD263C0B-99D3-40A9-9DBF-9086CC524A0B}.Silverlight Debug|x86.Build.0 = Debug|x86
		{AD263C0B-99D3-40A9-9DBF-9086CC524A0B}.Silverlight Release|Any CPU.ActiveCfg = Release|Any CPU
		{AD263C0B-99D3-40A9-9DBF-9086CC524A0B}.Silverlight Release|Any CPU.Build.0 = Release|Any CPU
		{AD263C0B-99D3-40A9-9DBF-9086CC524A0B}.Silverlight Release|x86.ActiveCfg = Release|x86
		{AD263C0B-99D3-40A9-9DBF-9086CC524A0B}.Silverlight Release|x86.Build.0 = Release|x86
		{AD263C0B-99D3-40A9-9DBF-9086CC524A0B}.SpecSharp|Any CPU.ActiveCfg = Release|Any CPU
		{AD263C0B-99D3-40A9-9DBF-9086CC524A0B}.SpecSharp|Any CPU.Build.0 = Release|Any CPU
		{AD263C0B-99D3-40A9-9DBF-9086CC524A0B}.SpecSharp|x86.ActiveCfg = Release|x86
		{AD263C0B-99D3-40A9-9DBF-9086CC524A0B}.SpecSharp|x86.Build.0 = Release|x86
		{AE1C04A8-B03D-4144-98E9-BF66C50265E7}.Debug|Any CPU.ActiveCfg = Debug|Any CPU
		{AE1C04A8-B03D-4144-98E9-BF66C50265E7}.Debug|Any CPU.Build.0 = Debug|Any CPU
		{AE1C04A8-B03D-4144-98E9-BF66C50265E7}.Debug|x86.ActiveCfg = Debug|x86
		{AE1C04A8-B03D-4144-98E9-BF66C50265E7}.Debug|x86.Build.0 = Debug|x86
		{AE1C04A8-B03D-4144-98E9-BF66C50265E7}.FxCop|Any CPU.ActiveCfg = Release|Any CPU
		{AE1C04A8-B03D-4144-98E9-BF66C50265E7}.FxCop|Any CPU.Build.0 = Release|Any CPU
		{AE1C04A8-B03D-4144-98E9-BF66C50265E7}.FxCop|x86.ActiveCfg = Release|x86
		{AE1C04A8-B03D-4144-98E9-BF66C50265E7}.FxCop|x86.Build.0 = Release|x86
		{AE1C04A8-B03D-4144-98E9-BF66C50265E7}.Release|Any CPU.ActiveCfg = Release|Any CPU
		{AE1C04A8-B03D-4144-98E9-BF66C50265E7}.Release|Any CPU.Build.0 = Release|Any CPU
		{AE1C04A8-B03D-4144-98E9-BF66C50265E7}.Release|x86.ActiveCfg = Release|x86
		{AE1C04A8-B03D-4144-98E9-BF66C50265E7}.Release|x86.Build.0 = Release|x86
		{AE1C04A8-B03D-4144-98E9-BF66C50265E7}.Silverlight Debug|Any CPU.ActiveCfg = Debug|Any CPU
		{AE1C04A8-B03D-4144-98E9-BF66C50265E7}.Silverlight Debug|Any CPU.Build.0 = Debug|Any CPU
		{AE1C04A8-B03D-4144-98E9-BF66C50265E7}.Silverlight Debug|x86.ActiveCfg = Debug|x86
		{AE1C04A8-B03D-4144-98E9-BF66C50265E7}.Silverlight Debug|x86.Build.0 = Debug|x86
		{AE1C04A8-B03D-4144-98E9-BF66C50265E7}.Silverlight Release|Any CPU.ActiveCfg = Release|Any CPU
		{AE1C04A8-B03D-4144-98E9-BF66C50265E7}.Silverlight Release|Any CPU.Build.0 = Release|Any CPU
		{AE1C04A8-B03D-4144-98E9-BF66C50265E7}.Silverlight Release|x86.ActiveCfg = Release|x86
		{AE1C04A8-B03D-4144-98E9-BF66C50265E7}.Silverlight Release|x86.Build.0 = Release|x86
		{AE1C04A8-B03D-4144-98E9-BF66C50265E7}.SpecSharp|Any CPU.ActiveCfg = Release|Any CPU
		{AE1C04A8-B03D-4144-98E9-BF66C50265E7}.SpecSharp|Any CPU.Build.0 = Release|Any CPU
		{AE1C04A8-B03D-4144-98E9-BF66C50265E7}.SpecSharp|x86.ActiveCfg = Release|x86
		{AE1C04A8-B03D-4144-98E9-BF66C50265E7}.SpecSharp|x86.Build.0 = Release|x86
		{0CFA8CEE-0110-49C1-93E5-CB7BE3A5716B}.Debug|Any CPU.ActiveCfg = Debug|Any CPU
		{0CFA8CEE-0110-49C1-93E5-CB7BE3A5716B}.Debug|Any CPU.Build.0 = Debug|Any CPU
		{0CFA8CEE-0110-49C1-93E5-CB7BE3A5716B}.Debug|x86.ActiveCfg = Debug|x86
		{0CFA8CEE-0110-49C1-93E5-CB7BE3A5716B}.Debug|x86.Build.0 = Debug|x86
		{0CFA8CEE-0110-49C1-93E5-CB7BE3A5716B}.FxCop|Any CPU.ActiveCfg = Release|Any CPU
		{0CFA8CEE-0110-49C1-93E5-CB7BE3A5716B}.FxCop|Any CPU.Build.0 = Release|Any CPU
		{0CFA8CEE-0110-49C1-93E5-CB7BE3A5716B}.FxCop|x86.ActiveCfg = Release|x86
		{0CFA8CEE-0110-49C1-93E5-CB7BE3A5716B}.FxCop|x86.Build.0 = Release|x86
		{0CFA8CEE-0110-49C1-93E5-CB7BE3A5716B}.Release|Any CPU.ActiveCfg = Release|Any CPU
		{0CFA8CEE-0110-49C1-93E5-CB7BE3A5716B}.Release|Any CPU.Build.0 = Release|Any CPU
		{0CFA8CEE-0110-49C1-93E5-CB7BE3A5716B}.Release|x86.ActiveCfg = Release|x86
		{0CFA8CEE-0110-49C1-93E5-CB7BE3A5716B}.Release|x86.Build.0 = Release|x86
		{0CFA8CEE-0110-49C1-93E5-CB7BE3A5716B}.Silverlight Debug|Any CPU.ActiveCfg = Debug|Any CPU
		{0CFA8CEE-0110-49C1-93E5-CB7BE3A5716B}.Silverlight Debug|Any CPU.Build.0 = Debug|Any CPU
		{0CFA8CEE-0110-49C1-93E5-CB7BE3A5716B}.Silverlight Debug|x86.ActiveCfg = Debug|x86
		{0CFA8CEE-0110-49C1-93E5-CB7BE3A5716B}.Silverlight Debug|x86.Build.0 = Debug|x86
		{0CFA8CEE-0110-49C1-93E5-CB7BE3A5716B}.Silverlight Release|Any CPU.ActiveCfg = Release|Any CPU
		{0CFA8CEE-0110-49C1-93E5-CB7BE3A5716B}.Silverlight Release|Any CPU.Build.0 = Release|Any CPU
		{0CFA8CEE-0110-49C1-93E5-CB7BE3A5716B}.Silverlight Release|x86.ActiveCfg = Release|x86
		{0CFA8CEE-0110-49C1-93E5-CB7BE3A5716B}.Silverlight Release|x86.Build.0 = Release|x86
		{0CFA8CEE-0110-49C1-93E5-CB7BE3A5716B}.SpecSharp|Any CPU.ActiveCfg = Release|Any CPU
		{0CFA8CEE-0110-49C1-93E5-CB7BE3A5716B}.SpecSharp|Any CPU.Build.0 = Release|Any CPU
		{0CFA8CEE-0110-49C1-93E5-CB7BE3A5716B}.SpecSharp|x86.ActiveCfg = Release|x86
		{0CFA8CEE-0110-49C1-93E5-CB7BE3A5716B}.SpecSharp|x86.Build.0 = Release|x86
		{5A31B964-CDFA-4406-9316-32A0F04CE149}.Debug|Any CPU.ActiveCfg = Debug|Any CPU
		{5A31B964-CDFA-4406-9316-32A0F04CE149}.Debug|Any CPU.Build.0 = Debug|Any CPU
		{5A31B964-CDFA-4406-9316-32A0F04CE149}.Debug|x86.ActiveCfg = Debug|x86
		{5A31B964-CDFA-4406-9316-32A0F04CE149}.Debug|x86.Build.0 = Debug|x86
		{5A31B964-CDFA-4406-9316-32A0F04CE149}.FxCop|Any CPU.ActiveCfg = Release|Any CPU
		{5A31B964-CDFA-4406-9316-32A0F04CE149}.FxCop|Any CPU.Build.0 = Release|Any CPU
		{5A31B964-CDFA-4406-9316-32A0F04CE149}.FxCop|x86.ActiveCfg = Release|x86
		{5A31B964-CDFA-4406-9316-32A0F04CE149}.FxCop|x86.Build.0 = Release|x86
		{5A31B964-CDFA-4406-9316-32A0F04CE149}.Release|Any CPU.ActiveCfg = Release|Any CPU
		{5A31B964-CDFA-4406-9316-32A0F04CE149}.Release|Any CPU.Build.0 = Release|Any CPU
		{5A31B964-CDFA-4406-9316-32A0F04CE149}.Release|x86.ActiveCfg = Release|x86
		{5A31B964-CDFA-4406-9316-32A0F04CE149}.Release|x86.Build.0 = Release|x86
		{5A31B964-CDFA-4406-9316-32A0F04CE149}.Silverlight Debug|Any CPU.ActiveCfg = Debug|Any CPU
		{5A31B964-CDFA-4406-9316-32A0F04CE149}.Silverlight Debug|Any CPU.Build.0 = Debug|Any CPU
		{5A31B964-CDFA-4406-9316-32A0F04CE149}.Silverlight Debug|x86.ActiveCfg = Debug|x86
		{5A31B964-CDFA-4406-9316-32A0F04CE149}.Silverlight Debug|x86.Build.0 = Debug|x86
		{5A31B964-CDFA-4406-9316-32A0F04CE149}.Silverlight Release|Any CPU.ActiveCfg = Release|Any CPU
		{5A31B964-CDFA-4406-9316-32A0F04CE149}.Silverlight Release|Any CPU.Build.0 = Release|Any CPU
		{5A31B964-CDFA-4406-9316-32A0F04CE149}.Silverlight Release|x86.ActiveCfg = Release|x86
		{5A31B964-CDFA-4406-9316-32A0F04CE149}.Silverlight Release|x86.Build.0 = Release|x86
		{5A31B964-CDFA-4406-9316-32A0F04CE149}.SpecSharp|Any CPU.ActiveCfg = Release|Any CPU
		{5A31B964-CDFA-4406-9316-32A0F04CE149}.SpecSharp|Any CPU.Build.0 = Release|Any CPU
		{5A31B964-CDFA-4406-9316-32A0F04CE149}.SpecSharp|x86.ActiveCfg = Release|x86
		{5A31B964-CDFA-4406-9316-32A0F04CE149}.SpecSharp|x86.Build.0 = Release|x86
		{1A98BEDA-DF53-49B7-A366-2ED7606036BD}.Debug|Any CPU.ActiveCfg = Debug|Any CPU
		{1A98BEDA-DF53-49B7-A366-2ED7606036BD}.Debug|x86.ActiveCfg = Debug|x86
		{1A98BEDA-DF53-49B7-A366-2ED7606036BD}.FxCop|Any CPU.ActiveCfg = Release|Any CPU
		{1A98BEDA-DF53-49B7-A366-2ED7606036BD}.FxCop|Any CPU.Build.0 = Release|Any CPU
		{1A98BEDA-DF53-49B7-A366-2ED7606036BD}.FxCop|x86.ActiveCfg = Release|x86
		{1A98BEDA-DF53-49B7-A366-2ED7606036BD}.FxCop|x86.Build.0 = Release|x86
		{1A98BEDA-DF53-49B7-A366-2ED7606036BD}.Release|Any CPU.ActiveCfg = Release|Any CPU
		{1A98BEDA-DF53-49B7-A366-2ED7606036BD}.Release|x86.ActiveCfg = Release|x86
		{1A98BEDA-DF53-49B7-A366-2ED7606036BD}.Silverlight Debug|Any CPU.ActiveCfg = Debug|Any CPU
		{1A98BEDA-DF53-49B7-A366-2ED7606036BD}.Silverlight Debug|Any CPU.Build.0 = Debug|Any CPU
		{1A98BEDA-DF53-49B7-A366-2ED7606036BD}.Silverlight Debug|x86.ActiveCfg = Debug|x86
		{1A98BEDA-DF53-49B7-A366-2ED7606036BD}.Silverlight Debug|x86.Build.0 = Debug|x86
		{1A98BEDA-DF53-49B7-A366-2ED7606036BD}.Silverlight Release|Any CPU.ActiveCfg = Release|Any CPU
		{1A98BEDA-DF53-49B7-A366-2ED7606036BD}.Silverlight Release|Any CPU.Build.0 = Release|Any CPU
		{1A98BEDA-DF53-49B7-A366-2ED7606036BD}.Silverlight Release|x86.ActiveCfg = Release|x86
		{1A98BEDA-DF53-49B7-A366-2ED7606036BD}.Silverlight Release|x86.Build.0 = Release|x86
		{1A98BEDA-DF53-49B7-A366-2ED7606036BD}.SpecSharp|Any CPU.ActiveCfg = Release|Any CPU
		{1A98BEDA-DF53-49B7-A366-2ED7606036BD}.SpecSharp|Any CPU.Build.0 = Release|Any CPU
		{1A98BEDA-DF53-49B7-A366-2ED7606036BD}.SpecSharp|x86.ActiveCfg = Release|x86
		{1A98BEDA-DF53-49B7-A366-2ED7606036BD}.SpecSharp|x86.Build.0 = Release|x86
		{19A86418-BA99-41F4-80A5-A7F3A6383123}.Debug|Any CPU.ActiveCfg = Debug|Any CPU
		{19A86418-BA99-41F4-80A5-A7F3A6383123}.Debug|Any CPU.Build.0 = Debug|Any CPU
		{19A86418-BA99-41F4-80A5-A7F3A6383123}.Debug|x86.ActiveCfg = Debug|x86
		{19A86418-BA99-41F4-80A5-A7F3A6383123}.Debug|x86.Build.0 = Debug|x86
		{19A86418-BA99-41F4-80A5-A7F3A6383123}.FxCop|Any CPU.ActiveCfg = Release|Any CPU
		{19A86418-BA99-41F4-80A5-A7F3A6383123}.FxCop|Any CPU.Build.0 = Release|Any CPU
		{19A86418-BA99-41F4-80A5-A7F3A6383123}.FxCop|x86.ActiveCfg = Release|x86
		{19A86418-BA99-41F4-80A5-A7F3A6383123}.FxCop|x86.Build.0 = Release|x86
		{19A86418-BA99-41F4-80A5-A7F3A6383123}.Release|Any CPU.ActiveCfg = Release|Any CPU
		{19A86418-BA99-41F4-80A5-A7F3A6383123}.Release|Any CPU.Build.0 = Release|Any CPU
		{19A86418-BA99-41F4-80A5-A7F3A6383123}.Release|x86.ActiveCfg = Release|x86
		{19A86418-BA99-41F4-80A5-A7F3A6383123}.Release|x86.Build.0 = Release|x86
		{19A86418-BA99-41F4-80A5-A7F3A6383123}.Silverlight Debug|Any CPU.ActiveCfg = Debug|Any CPU
		{19A86418-BA99-41F4-80A5-A7F3A6383123}.Silverlight Debug|Any CPU.Build.0 = Debug|Any CPU
		{19A86418-BA99-41F4-80A5-A7F3A6383123}.Silverlight Debug|x86.ActiveCfg = Debug|x86
		{19A86418-BA99-41F4-80A5-A7F3A6383123}.Silverlight Debug|x86.Build.0 = Debug|x86
		{19A86418-BA99-41F4-80A5-A7F3A6383123}.Silverlight Release|Any CPU.ActiveCfg = Release|Any CPU
		{19A86418-BA99-41F4-80A5-A7F3A6383123}.Silverlight Release|Any CPU.Build.0 = Release|Any CPU
		{19A86418-BA99-41F4-80A5-A7F3A6383123}.Silverlight Release|x86.ActiveCfg = Release|x86
		{19A86418-BA99-41F4-80A5-A7F3A6383123}.Silverlight Release|x86.Build.0 = Release|x86
		{19A86418-BA99-41F4-80A5-A7F3A6383123}.SpecSharp|Any CPU.ActiveCfg = Release|Any CPU
		{19A86418-BA99-41F4-80A5-A7F3A6383123}.SpecSharp|Any CPU.Build.0 = Release|Any CPU
		{19A86418-BA99-41F4-80A5-A7F3A6383123}.SpecSharp|x86.ActiveCfg = Release|x86
		{19A86418-BA99-41F4-80A5-A7F3A6383123}.SpecSharp|x86.Build.0 = Release|x86
		{94409071-FF65-4C3C-97EB-BD4FDEF90B4E}.Debug|Any CPU.ActiveCfg = Debug|Any CPU
		{94409071-FF65-4C3C-97EB-BD4FDEF90B4E}.Debug|Any CPU.Build.0 = Debug|Any CPU
		{94409071-FF65-4C3C-97EB-BD4FDEF90B4E}.Debug|x86.ActiveCfg = Debug|x86
		{94409071-FF65-4C3C-97EB-BD4FDEF90B4E}.Debug|x86.Build.0 = Debug|x86
		{94409071-FF65-4C3C-97EB-BD4FDEF90B4E}.FxCop|Any CPU.ActiveCfg = Release|Any CPU
		{94409071-FF65-4C3C-97EB-BD4FDEF90B4E}.FxCop|Any CPU.Build.0 = Release|Any CPU
		{94409071-FF65-4C3C-97EB-BD4FDEF90B4E}.FxCop|x86.ActiveCfg = Release|x86
		{94409071-FF65-4C3C-97EB-BD4FDEF90B4E}.FxCop|x86.Build.0 = Release|x86
		{94409071-FF65-4C3C-97EB-BD4FDEF90B4E}.Release|Any CPU.ActiveCfg = Release|Any CPU
		{94409071-FF65-4C3C-97EB-BD4FDEF90B4E}.Release|Any CPU.Build.0 = Release|Any CPU
		{94409071-FF65-4C3C-97EB-BD4FDEF90B4E}.Release|x86.ActiveCfg = Release|x86
		{94409071-FF65-4C3C-97EB-BD4FDEF90B4E}.Release|x86.Build.0 = Release|x86
		{94409071-FF65-4C3C-97EB-BD4FDEF90B4E}.Silverlight Debug|Any CPU.ActiveCfg = Debug|Any CPU
		{94409071-FF65-4C3C-97EB-BD4FDEF90B4E}.Silverlight Debug|Any CPU.Build.0 = Debug|Any CPU
		{94409071-FF65-4C3C-97EB-BD4FDEF90B4E}.Silverlight Debug|x86.ActiveCfg = Debug|x86
		{94409071-FF65-4C3C-97EB-BD4FDEF90B4E}.Silverlight Debug|x86.Build.0 = Debug|x86
		{94409071-FF65-4C3C-97EB-BD4FDEF90B4E}.Silverlight Release|Any CPU.ActiveCfg = Release|Any CPU
		{94409071-FF65-4C3C-97EB-BD4FDEF90B4E}.Silverlight Release|Any CPU.Build.0 = Release|Any CPU
		{94409071-FF65-4C3C-97EB-BD4FDEF90B4E}.Silverlight Release|x86.ActiveCfg = Release|x86
		{94409071-FF65-4C3C-97EB-BD4FDEF90B4E}.Silverlight Release|x86.Build.0 = Release|x86
		{94409071-FF65-4C3C-97EB-BD4FDEF90B4E}.SpecSharp|Any CPU.ActiveCfg = Release|Any CPU
		{94409071-FF65-4C3C-97EB-BD4FDEF90B4E}.SpecSharp|Any CPU.Build.0 = Release|Any CPU
		{94409071-FF65-4C3C-97EB-BD4FDEF90B4E}.SpecSharp|x86.ActiveCfg = Release|x86
		{94409071-FF65-4C3C-97EB-BD4FDEF90B4E}.SpecSharp|x86.Build.0 = Release|x86
		{A34F4AE5-A6E5-43F9-9F16-A43F34599053}.Debug|Any CPU.ActiveCfg = Debug|Any CPU
		{A34F4AE5-A6E5-43F9-9F16-A43F34599053}.Debug|x86.ActiveCfg = Debug|x86
		{A34F4AE5-A6E5-43F9-9F16-A43F34599053}.FxCop|Any CPU.ActiveCfg = Release|Any CPU
		{A34F4AE5-A6E5-43F9-9F16-A43F34599053}.FxCop|x86.ActiveCfg = Release|x86
		{A34F4AE5-A6E5-43F9-9F16-A43F34599053}.FxCop|x86.Build.0 = Release|x86
		{A34F4AE5-A6E5-43F9-9F16-A43F34599053}.Release|Any CPU.ActiveCfg = Release|Any CPU
		{A34F4AE5-A6E5-43F9-9F16-A43F34599053}.Release|x86.ActiveCfg = Release|x86
		{A34F4AE5-A6E5-43F9-9F16-A43F34599053}.Silverlight Debug|Any CPU.ActiveCfg = Debug|Any CPU
		{A34F4AE5-A6E5-43F9-9F16-A43F34599053}.Silverlight Debug|x86.ActiveCfg = Debug|x86
		{A34F4AE5-A6E5-43F9-9F16-A43F34599053}.Silverlight Debug|x86.Build.0 = Debug|x86
		{A34F4AE5-A6E5-43F9-9F16-A43F34599053}.Silverlight Release|Any CPU.ActiveCfg = Release|Any CPU
		{A34F4AE5-A6E5-43F9-9F16-A43F34599053}.Silverlight Release|x86.ActiveCfg = Release|x86
		{A34F4AE5-A6E5-43F9-9F16-A43F34599053}.Silverlight Release|x86.Build.0 = Release|x86
		{A34F4AE5-A6E5-43F9-9F16-A43F34599053}.SpecSharp|Any CPU.ActiveCfg = Release|Any CPU
		{A34F4AE5-A6E5-43F9-9F16-A43F34599053}.SpecSharp|x86.ActiveCfg = Release|x86
		{A34F4AE5-A6E5-43F9-9F16-A43F34599053}.SpecSharp|x86.Build.0 = Release|x86
		{321A7F5D-00C2-4095-9970-075CDEE8C139}.Debug|Any CPU.ActiveCfg = Debug|Any CPU
		{321A7F5D-00C2-4095-9970-075CDEE8C139}.Debug|Any CPU.Build.0 = Debug|Any CPU
		{321A7F5D-00C2-4095-9970-075CDEE8C139}.Debug|x86.ActiveCfg = Debug|x86
		{321A7F5D-00C2-4095-9970-075CDEE8C139}.Debug|x86.Build.0 = Debug|x86
		{321A7F5D-00C2-4095-9970-075CDEE8C139}.FxCop|Any CPU.ActiveCfg = Release|Any CPU
		{321A7F5D-00C2-4095-9970-075CDEE8C139}.FxCop|Any CPU.Build.0 = Release|Any CPU
		{321A7F5D-00C2-4095-9970-075CDEE8C139}.FxCop|x86.ActiveCfg = Release|x86
		{321A7F5D-00C2-4095-9970-075CDEE8C139}.FxCop|x86.Build.0 = Release|x86
		{321A7F5D-00C2-4095-9970-075CDEE8C139}.Release|Any CPU.ActiveCfg = Release|Any CPU
		{321A7F5D-00C2-4095-9970-075CDEE8C139}.Release|Any CPU.Build.0 = Release|Any CPU
		{321A7F5D-00C2-4095-9970-075CDEE8C139}.Release|x86.ActiveCfg = Release|x86
		{321A7F5D-00C2-4095-9970-075CDEE8C139}.Release|x86.Build.0 = Release|x86
		{321A7F5D-00C2-4095-9970-075CDEE8C139}.Silverlight Debug|Any CPU.ActiveCfg = Debug|Any CPU
		{321A7F5D-00C2-4095-9970-075CDEE8C139}.Silverlight Debug|Any CPU.Build.0 = Debug|Any CPU
		{321A7F5D-00C2-4095-9970-075CDEE8C139}.Silverlight Debug|x86.ActiveCfg = Debug|x86
		{321A7F5D-00C2-4095-9970-075CDEE8C139}.Silverlight Debug|x86.Build.0 = Debug|x86
		{321A7F5D-00C2-4095-9970-075CDEE8C139}.Silverlight Release|Any CPU.ActiveCfg = Release|Any CPU
		{321A7F5D-00C2-4095-9970-075CDEE8C139}.Silverlight Release|Any CPU.Build.0 = Release|Any CPU
		{321A7F5D-00C2-4095-9970-075CDEE8C139}.Silverlight Release|x86.ActiveCfg = Release|x86
		{321A7F5D-00C2-4095-9970-075CDEE8C139}.Silverlight Release|x86.Build.0 = Release|x86
		{321A7F5D-00C2-4095-9970-075CDEE8C139}.SpecSharp|Any CPU.ActiveCfg = Release|Any CPU
		{321A7F5D-00C2-4095-9970-075CDEE8C139}.SpecSharp|Any CPU.Build.0 = Release|Any CPU
		{321A7F5D-00C2-4095-9970-075CDEE8C139}.SpecSharp|x86.ActiveCfg = Release|x86
		{321A7F5D-00C2-4095-9970-075CDEE8C139}.SpecSharp|x86.Build.0 = Release|x86
		{8F79C3CF-A4C7-4EF6-8363-07BB30F5AFC1}.Debug|Any CPU.ActiveCfg = Debug|Any CPU
		{8F79C3CF-A4C7-4EF6-8363-07BB30F5AFC1}.Debug|Any CPU.Build.0 = Debug|Any CPU
		{8F79C3CF-A4C7-4EF6-8363-07BB30F5AFC1}.Debug|x86.ActiveCfg = Debug|Any CPU
		{8F79C3CF-A4C7-4EF6-8363-07BB30F5AFC1}.Debug|x86.Build.0 = Debug|Any CPU
		{8F79C3CF-A4C7-4EF6-8363-07BB30F5AFC1}.FxCop|Any CPU.ActiveCfg = Release|Any CPU
		{8F79C3CF-A4C7-4EF6-8363-07BB30F5AFC1}.FxCop|Any CPU.Build.0 = Release|Any CPU
		{8F79C3CF-A4C7-4EF6-8363-07BB30F5AFC1}.FxCop|x86.ActiveCfg = Release|Any CPU
		{8F79C3CF-A4C7-4EF6-8363-07BB30F5AFC1}.FxCop|x86.Build.0 = Release|Any CPU
		{8F79C3CF-A4C7-4EF6-8363-07BB30F5AFC1}.Release|Any CPU.ActiveCfg = Release|Any CPU
		{8F79C3CF-A4C7-4EF6-8363-07BB30F5AFC1}.Release|Any CPU.Build.0 = Release|Any CPU
		{8F79C3CF-A4C7-4EF6-8363-07BB30F5AFC1}.Release|x86.ActiveCfg = Release|Any CPU
		{8F79C3CF-A4C7-4EF6-8363-07BB30F5AFC1}.Release|x86.Build.0 = Release|Any CPU
		{8F79C3CF-A4C7-4EF6-8363-07BB30F5AFC1}.Silverlight Debug|Any CPU.ActiveCfg = Debug|Any CPU
		{8F79C3CF-A4C7-4EF6-8363-07BB30F5AFC1}.Silverlight Debug|Any CPU.Build.0 = Debug|Any CPU
		{8F79C3CF-A4C7-4EF6-8363-07BB30F5AFC1}.Silverlight Debug|x86.ActiveCfg = Debug|Any CPU
		{8F79C3CF-A4C7-4EF6-8363-07BB30F5AFC1}.Silverlight Debug|x86.Build.0 = Debug|Any CPU
		{8F79C3CF-A4C7-4EF6-8363-07BB30F5AFC1}.Silverlight Release|Any CPU.ActiveCfg = Release|Any CPU
		{8F79C3CF-A4C7-4EF6-8363-07BB30F5AFC1}.Silverlight Release|Any CPU.Build.0 = Release|Any CPU
		{8F79C3CF-A4C7-4EF6-8363-07BB30F5AFC1}.Silverlight Release|x86.ActiveCfg = Release|Any CPU
		{8F79C3CF-A4C7-4EF6-8363-07BB30F5AFC1}.Silverlight Release|x86.Build.0 = Release|Any CPU
		{8F79C3CF-A4C7-4EF6-8363-07BB30F5AFC1}.SpecSharp|Any CPU.ActiveCfg = Release|Any CPU
		{8F79C3CF-A4C7-4EF6-8363-07BB30F5AFC1}.SpecSharp|Any CPU.Build.0 = Release|Any CPU
		{8F79C3CF-A4C7-4EF6-8363-07BB30F5AFC1}.SpecSharp|x86.ActiveCfg = Release|Any CPU
		{8F79C3CF-A4C7-4EF6-8363-07BB30F5AFC1}.SpecSharp|x86.Build.0 = Release|Any CPU
		{F410D31D-724C-4DD7-9D8A-422C9E36F2A2}.Debug|Any CPU.ActiveCfg = Debug|Any CPU
		{F410D31D-724C-4DD7-9D8A-422C9E36F2A2}.Debug|Any CPU.Build.0 = Debug|Any CPU
		{F410D31D-724C-4DD7-9D8A-422C9E36F2A2}.Debug|x86.ActiveCfg = Debug|Any CPU
		{F410D31D-724C-4DD7-9D8A-422C9E36F2A2}.Debug|x86.Build.0 = Debug|Any CPU
		{F410D31D-724C-4DD7-9D8A-422C9E36F2A2}.FxCop|Any CPU.ActiveCfg = Release|Any CPU
		{F410D31D-724C-4DD7-9D8A-422C9E36F2A2}.FxCop|Any CPU.Build.0 = Release|Any CPU
		{F410D31D-724C-4DD7-9D8A-422C9E36F2A2}.FxCop|x86.ActiveCfg = Release|Any CPU
		{F410D31D-724C-4DD7-9D8A-422C9E36F2A2}.FxCop|x86.Build.0 = Release|Any CPU
		{F410D31D-724C-4DD7-9D8A-422C9E36F2A2}.Release|Any CPU.ActiveCfg = Release|Any CPU
		{F410D31D-724C-4DD7-9D8A-422C9E36F2A2}.Release|Any CPU.Build.0 = Release|Any CPU
		{F410D31D-724C-4DD7-9D8A-422C9E36F2A2}.Release|x86.ActiveCfg = Release|Any CPU
		{F410D31D-724C-4DD7-9D8A-422C9E36F2A2}.Release|x86.Build.0 = Release|Any CPU
		{F410D31D-724C-4DD7-9D8A-422C9E36F2A2}.Silverlight Debug|Any CPU.ActiveCfg = Debug|Any CPU
		{F410D31D-724C-4DD7-9D8A-422C9E36F2A2}.Silverlight Debug|Any CPU.Build.0 = Debug|Any CPU
		{F410D31D-724C-4DD7-9D8A-422C9E36F2A2}.Silverlight Debug|x86.ActiveCfg = Debug|Any CPU
		{F410D31D-724C-4DD7-9D8A-422C9E36F2A2}.Silverlight Debug|x86.Build.0 = Debug|Any CPU
		{F410D31D-724C-4DD7-9D8A-422C9E36F2A2}.Silverlight Release|Any CPU.ActiveCfg = Release|Any CPU
		{F410D31D-724C-4DD7-9D8A-422C9E36F2A2}.Silverlight Release|Any CPU.Build.0 = Release|Any CPU
		{F410D31D-724C-4DD7-9D8A-422C9E36F2A2}.Silverlight Release|x86.ActiveCfg = Release|Any CPU
		{F410D31D-724C-4DD7-9D8A-422C9E36F2A2}.Silverlight Release|x86.Build.0 = Release|Any CPU
		{F410D31D-724C-4DD7-9D8A-422C9E36F2A2}.SpecSharp|Any CPU.ActiveCfg = Release|Any CPU
		{F410D31D-724C-4DD7-9D8A-422C9E36F2A2}.SpecSharp|Any CPU.Build.0 = Release|Any CPU
		{F410D31D-724C-4DD7-9D8A-422C9E36F2A2}.SpecSharp|x86.ActiveCfg = Release|Any CPU
		{F410D31D-724C-4DD7-9D8A-422C9E36F2A2}.SpecSharp|x86.Build.0 = Release|Any CPU
		{FDBE6BE7-47B1-4C98-8092-978854414914}.Debug|Any CPU.ActiveCfg = Debug|Any CPU
		{FDBE6BE7-47B1-4C98-8092-978854414914}.Debug|Any CPU.Build.0 = Debug|Any CPU
		{FDBE6BE7-47B1-4C98-8092-978854414914}.Debug|x86.ActiveCfg = Debug|Any CPU
		{FDBE6BE7-47B1-4C98-8092-978854414914}.Debug|x86.Build.0 = Debug|Any CPU
		{FDBE6BE7-47B1-4C98-8092-978854414914}.FxCop|Any CPU.ActiveCfg = Release|Any CPU
		{FDBE6BE7-47B1-4C98-8092-978854414914}.FxCop|Any CPU.Build.0 = Release|Any CPU
		{FDBE6BE7-47B1-4C98-8092-978854414914}.FxCop|x86.ActiveCfg = Release|Any CPU
		{FDBE6BE7-47B1-4C98-8092-978854414914}.FxCop|x86.Build.0 = Release|Any CPU
		{FDBE6BE7-47B1-4C98-8092-978854414914}.Release|Any CPU.ActiveCfg = Release|Any CPU
		{FDBE6BE7-47B1-4C98-8092-978854414914}.Release|Any CPU.Build.0 = Release|Any CPU
		{FDBE6BE7-47B1-4C98-8092-978854414914}.Release|x86.ActiveCfg = Release|Any CPU
		{FDBE6BE7-47B1-4C98-8092-978854414914}.Release|x86.Build.0 = Release|Any CPU
		{FDBE6BE7-47B1-4C98-8092-978854414914}.Silverlight Debug|Any CPU.ActiveCfg = Debug|Any CPU
		{FDBE6BE7-47B1-4C98-8092-978854414914}.Silverlight Debug|Any CPU.Build.0 = Debug|Any CPU
		{FDBE6BE7-47B1-4C98-8092-978854414914}.Silverlight Debug|x86.ActiveCfg = Debug|Any CPU
		{FDBE6BE7-47B1-4C98-8092-978854414914}.Silverlight Debug|x86.Build.0 = Debug|Any CPU
		{FDBE6BE7-47B1-4C98-8092-978854414914}.Silverlight Release|Any CPU.ActiveCfg = Release|Any CPU
		{FDBE6BE7-47B1-4C98-8092-978854414914}.Silverlight Release|Any CPU.Build.0 = Release|Any CPU
		{FDBE6BE7-47B1-4C98-8092-978854414914}.Silverlight Release|x86.ActiveCfg = Release|Any CPU
		{FDBE6BE7-47B1-4C98-8092-978854414914}.Silverlight Release|x86.Build.0 = Release|Any CPU
		{FDBE6BE7-47B1-4C98-8092-978854414914}.SpecSharp|Any CPU.ActiveCfg = Release|Any CPU
		{FDBE6BE7-47B1-4C98-8092-978854414914}.SpecSharp|Any CPU.Build.0 = Release|Any CPU
		{FDBE6BE7-47B1-4C98-8092-978854414914}.SpecSharp|x86.ActiveCfg = Release|Any CPU
		{FDBE6BE7-47B1-4C98-8092-978854414914}.SpecSharp|x86.Build.0 = Release|Any CPU
	EndGlobalSection
	GlobalSection(SolutionProperties) = preSolution
		HideSolutionNode = FALSE
	EndGlobalSection
	GlobalSection(NestedProjects) = preSolution
		{FEE137AB-6C8B-4576-81BE-119DA16DCF78} = {0850FA53-413E-4AF9-B918-8FF524FFA5D7}
		{19A86418-BA99-41F4-80A5-A7F3A6383123} = {FEE137AB-6C8B-4576-81BE-119DA16DCF78}
		{94409071-FF65-4C3C-97EB-BD4FDEF90B4E} = {FEE137AB-6C8B-4576-81BE-119DA16DCF78}
		{A34F4AE5-A6E5-43F9-9F16-A43F34599053} = {FEE137AB-6C8B-4576-81BE-119DA16DCF78}
		{44A73DB9-DD6C-4BFD-A169-F17A8C82A4A3} = {FEE137AB-6C8B-4576-81BE-119DA16DCF78}
	EndGlobalSection
EndGlobal
